<?xml version="1.0" encoding="utf-8"?>
<Project ToolsVersion="4.0" xmlns="http://schemas.microsoft.com/developer/msbuild/2003">
  <ItemGroup>
    <Filter Include="소스 파일">
      <UniqueIdentifier>{4FC737F1-C7A5-4376-A066-2A32D752A2FF}</UniqueIdentifier>
      <Extensions>cpp;c;cc;cxx;c++;cppm;ixx;def;odl;idl;hpj;bat;asm;asmx</Extensions>
    </Filter>
    <Filter Include="헤더 파일">
      <UniqueIdentifier>{93995380-89BD-4b04-88EB-625FBE52EBFB}</UniqueIdentifier>
      <Extensions>h;hh;hpp;hxx;h++;hm;inl;inc;ipp;xsd</Extensions>
    </Filter>
    <Filter Include="리소스 파일">
      <UniqueIdentifier>{67DA6AB6-F800-4c08-8B7A-83BB121AAD01}</UniqueIdentifier>
      <Extensions>rc;ico;cur;bmp;dlg;rc2;rct;bin;rgs;gif;jpg;jpeg;jpe;resx;tiff;tif;png;wav;mfcribbon-ms</Extensions>
    </Filter>
    <Filter Include="소스 파일\00. MainUpdate">
      <UniqueIdentifier>{48815665-dcc5-4491-8bcb-2c7f719fc035}</UniqueIdentifier>
    </Filter>
    <Filter Include="소스 파일\01. Scene">
      <UniqueIdentifier>{f9548502-c8c9-4dc4-a381-9dd634563b21}</UniqueIdentifier>
    </Filter>
    <Filter Include="소스 파일\01. Scene\Logo">
      <UniqueIdentifier>{e77e7a33-6e64-413a-9cf7-b674f399b418}</UniqueIdentifier>
    </Filter>
    <Filter Include="소스 파일\01. Scene\Menu">
      <UniqueIdentifier>{b83b7437-74fb-4da7-8e92-503b77c91bd5}</UniqueIdentifier>
    </Filter>
    <Filter Include="소스 파일\01. Scene\Stage">
      <UniqueIdentifier>{f20e41dc-5357-4e76-9d2f-82d81100ed13}</UniqueIdentifier>
    </Filter>
    <Filter Include="소스 파일\99. Manager">
      <UniqueIdentifier>{656f875a-5e4e-4e45-ad16-e85e2c7e7d81}</UniqueIdentifier>
    </Filter>
    <Filter Include="소스 파일\99. Manager\SceneManager">
      <UniqueIdentifier>{8036ad02-03e3-47c9-ac73-3e2c2e218d25}</UniqueIdentifier>
    </Filter>
    <Filter Include="헤더 파일\Include">
      <UniqueIdentifier>{c2c500e3-9ec8-47ae-ac38-04d62c3c2991}</UniqueIdentifier>
    </Filter>
    <Filter Include="소스 파일\99. Manager\InputManager">
      <UniqueIdentifier>{81e38a3e-ec45-42d9-8b4f-4d893bafbfc5}</UniqueIdentifier>
    </Filter>
    <Filter Include="소스 파일\02. Object">
      <UniqueIdentifier>{4a277807-6d0c-4bb2-b7cb-6b4dda19ffe5}</UniqueIdentifier>
    </Filter>
    <Filter Include="소스 파일\02. Object\Player">
      <UniqueIdentifier>{1cc7c9fe-babd-4b90-a3ad-146e95a8a498}</UniqueIdentifier>
    </Filter>
    <Filter Include="소스 파일\02. Object\Enemy">
      <UniqueIdentifier>{9d218635-c5f7-46e6-82f3-631d5da0fc8f}</UniqueIdentifier>
    </Filter>
    <Filter Include="소스 파일\02. Object\Bullet">
      <UniqueIdentifier>{bab7ff15-588e-443a-8d38-ebfd05896aaf}</UniqueIdentifier>
    </Filter>
    <Filter Include="소스 파일\99. Manager\ObjectManager">
      <UniqueIdentifier>{e39add8a-2ae2-4358-b863-384c958d23c0}</UniqueIdentifier>
    </Filter>
    <Filter Include="소스 파일\98. Pattern">
      <UniqueIdentifier>{42de02af-c010-4760-8ba4-bdfd18ff5b5f}</UniqueIdentifier>
    </Filter>
    <Filter Include="소스 파일\99. Manager\CursorManager">
      <UniqueIdentifier>{30439f06-6e4b-4bac-a173-e9f3305fc6a0}</UniqueIdentifier>
    </Filter>
    <Filter Include="소스 파일\99. Manager\CollisionManager">
      <UniqueIdentifier>{6bd629f2-cb65-4ae5-92e8-cb4799b7a885}</UniqueIdentifier>
    </Filter>
    <Filter Include="소스 파일\99. Manager\MathManager">
      <UniqueIdentifier>{54f4cfe5-e33f-4db8-b8b8-0f375a5a718d}</UniqueIdentifier>
    </Filter>
    <Filter Include="소스 파일\03. UserInterface">
      <UniqueIdentifier>{a19227f5-4492-471b-b3ef-27ba6acd7b8f}</UniqueIdentifier>
    </Filter>
    <Filter Include="소스 파일\03. UserInterface\ScrollBox">
      <UniqueIdentifier>{75ce5716-b957-419f-8359-853271ea3d98}</UniqueIdentifier>
    </Filter>
    <Filter Include="소스 파일\98. Pattern\ObjectPool">
      <UniqueIdentifier>{7bd2610e-4dbd-4562-8f9f-969220f2f7cd}</UniqueIdentifier>
    </Filter>
    <Filter Include="소스 파일\98. Pattern\Bridge">
      <UniqueIdentifier>{7cd39ee4-030d-42f1-ba27-07842c8ff9b9}</UniqueIdentifier>
    </Filter>
    <Filter Include="소스 파일\98. Pattern\Prototype">
      <UniqueIdentifier>{9e3fc968-8ec3-4f18-bd3a-6e250437716c}</UniqueIdentifier>
    </Filter>
    <Filter Include="소스 파일\99. Manager\ObjectFactory">
      <UniqueIdentifier>{2db48462-b241-4b91-ab12-a2144f7a0e88}</UniqueIdentifier>
    </Filter>
    <Filter Include="소스 파일\02. Object\Bullet\BulletBridge">
      <UniqueIdentifier>{67f27391-f550-40e1-bf67-7e6e00c8b410}</UniqueIdentifier>
    </Filter>
    <Filter Include="소스 파일\02. Object\Enemy\EnemyBridge">
      <UniqueIdentifier>{da364a5d-8888-4b5b-8256-6ba20997bb2d}</UniqueIdentifier>
    </Filter>
    <Filter Include="소스 파일\02. Object\Enemy\EnemyBridge\Enemy1">
      <UniqueIdentifier>{8e3e8084-fd58-49b1-8b27-6f6e4fe47163}</UniqueIdentifier>
    </Filter>
    <Filter Include="소스 파일\02. Object\Bullet\BulletBridge\PlayerBullet">
      <UniqueIdentifier>{2dfc9f31-bf9c-4ba8-9d59-6e5819b235ab}</UniqueIdentifier>
    </Filter>
    <Filter Include="소스 파일\97. PlayerInfo">
      <UniqueIdentifier>{eabed45d-b172-4080-ac7a-4aca80208348}</UniqueIdentifier>
    </Filter>
    <Filter Include="소스 파일\02. Object\Bullet2">
      <UniqueIdentifier>{e0123712-18bc-4af8-ab56-615d2abbc44b}</UniqueIdentifier>
    </Filter>
    <Filter Include="소스 파일\02. Object\Bullet2\BulletBridge2">
      <UniqueIdentifier>{0f528e27-317e-485f-9912-4ca8b14e613d}</UniqueIdentifier>
    </Filter>
    <Filter Include="소스 파일\02. Object\Bullet2\BulletBridge2\EnemyBullet">
      <UniqueIdentifier>{ac5b0c98-d006-4712-873f-1f55cf210a3c}</UniqueIdentifier>
    </Filter>
    <Filter Include="소스 파일\02. Object\Bullet2\BulletBridge2\E_HomingBullet">
      <UniqueIdentifier>{4efe98a3-0af2-4d99-9f04-47ac4a66e05b}</UniqueIdentifier>
    </Filter>
    <Filter Include="소스 파일\01. Scene\Menu\Menu1">
      <UniqueIdentifier>{c034371b-4274-47b2-afd5-205d9aa8cec4}</UniqueIdentifier>
    </Filter>
    <Filter Include="소스 파일\02. Object\Cloud">
      <UniqueIdentifier>{4eea8772-f176-4282-8d1c-34662ef897d8}</UniqueIdentifier>
    </Filter>
    <Filter Include="소스 파일\01. Scene\Menu\Menu2">
      <UniqueIdentifier>{d4e386ac-6c6b-46d0-922a-46cb3de07ec1}</UniqueIdentifier>
    </Filter>
    <Filter Include="소스 파일\01. Scene\GameOver">
      <UniqueIdentifier>{6619e3be-a825-41b0-9222-98181ce66220}</UniqueIdentifier>
    </Filter>
  </ItemGroup>
  <ItemGroup>
    <ClCompile Include="main.cpp">
      <Filter>소스 파일</Filter>
    </ClCompile>
    <ClCompile Include="MainUpdate.cpp">
      <Filter>소스 파일\00. MainUpdate</Filter>
    </ClCompile>
    <ClCompile Include="Scene.cpp">
      <Filter>소스 파일\01. Scene</Filter>
    </ClCompile>
    <ClCompile Include="Logo.cpp">
      <Filter>소스 파일\01. Scene\Logo</Filter>
    </ClCompile>
    <ClCompile Include="Menu.cpp">
      <Filter>소스 파일\01. Scene\Menu</Filter>
    </ClCompile>
    <ClCompile Include="Stage.cpp">
      <Filter>소스 파일\01. Scene\Stage</Filter>
    </ClCompile>
    <ClCompile Include="SceneManager.cpp">
      <Filter>소스 파일\99. Manager\SceneManager</Filter>
    </ClCompile>
    <ClCompile Include="InputManager.cpp">
      <Filter>소스 파일\99. Manager\InputManager</Filter>
    </ClCompile>
    <ClCompile Include="Object.cpp">
      <Filter>소스 파일\02. Object</Filter>
    </ClCompile>
    <ClCompile Include="Player.cpp">
      <Filter>소스 파일\02. Object\Player</Filter>
    </ClCompile>
    <ClCompile Include="Enemy.cpp">
      <Filter>소스 파일\02. Object\Enemy</Filter>
    </ClCompile>
    <ClCompile Include="Bullet.cpp">
      <Filter>소스 파일\02. Object\Bullet</Filter>
    </ClCompile>
    <ClCompile Include="ObjectManager.cpp">
      <Filter>소스 파일\99. Manager\ObjectManager</Filter>
    </ClCompile>
    <ClCompile Include="CursorManager.cpp">
      <Filter>소스 파일\99. Manager\CursorManager</Filter>
    </ClCompile>
    <ClCompile Include="UserInterface.cpp">
      <Filter>소스 파일\03. UserInterface</Filter>
    </ClCompile>
    <ClCompile Include="ScrollBox.cpp">
      <Filter>소스 파일\03. UserInterface\ScrollBox</Filter>
    </ClCompile>
    <ClCompile Include="ObjectPool.cpp">
      <Filter>소스 파일\98. Pattern\ObjectPool</Filter>
    </ClCompile>
    <ClCompile Include="Prototype.cpp">
      <Filter>소스 파일\98. Pattern\Prototype</Filter>
    </ClCompile>
    <ClCompile Include="PlayerBullet.cpp">
      <Filter>소스 파일\02. Object\Bullet\BulletBridge\PlayerBullet</Filter>
    </ClCompile>
    <ClCompile Include="Enemy1.cpp">
      <Filter>소스 파일\02. Object\Enemy\EnemyBridge\Enemy1</Filter>
    </ClCompile>
    <ClCompile Include="Bullet2.cpp">
      <Filter>소스 파일\02. Object\Bullet2</Filter>
    </ClCompile>
    <ClCompile Include="EnemyBullet.cpp">
      <Filter>소스 파일\02. Object\Bullet2\BulletBridge2\EnemyBullet</Filter>
    </ClCompile>
    <ClCompile Include="Menu1.cpp">
      <Filter>소스 파일\01. Scene\Menu\Menu1</Filter>
    </ClCompile>
    <ClCompile Include="Cloud.cpp">
      <Filter>소스 파일\02. Object\Cloud</Filter>
    </ClCompile>
    <ClCompile Include="Menu2.cpp">
      <Filter>소스 파일\01. Scene\Menu\Menu2</Filter>
    </ClCompile>
    <ClCompile Include="GameOver.cpp">
      <Filter>소스 파일\01. Scene\GameOver</Filter>
    </ClCompile>
    <ClCompile Include="PlayerInfo.cpp">
      <Filter>소스 파일\97. PlayerInfo</Filter>
    </ClCompile>
  </ItemGroup>
  <ItemGroup>
    <ClInclude Include="MainUpdate.h">
      <Filter>소스 파일\00. MainUpdate</Filter>
    </ClInclude>
    <ClInclude Include="Scene.h">
      <Filter>소스 파일\01. Scene</Filter>
    </ClInclude>
    <ClInclude Include="Logo.h">
      <Filter>소스 파일\01. Scene\Logo</Filter>
    </ClInclude>
    <ClInclude Include="Menu.h">
      <Filter>소스 파일\01. Scene\Menu</Filter>
    </ClInclude>
    <ClInclude Include="Stage.h">
      <Filter>소스 파일\01. Scene\Stage</Filter>
    </ClInclude>
    <ClInclude Include="SceneManager.h">
      <Filter>소스 파일\99. Manager\SceneManager</Filter>
    </ClInclude>
    <ClInclude Include="Enum.h">
      <Filter>헤더 파일\Include</Filter>
    </ClInclude>
    <ClInclude Include="Define.h">
      <Filter>헤더 파일\Include</Filter>
    </ClInclude>
    <ClInclude Include="InputManager.h">
      <Filter>소스 파일\99. Manager\InputManager</Filter>
    </ClInclude>
    <ClInclude Include="Constent.h">
      <Filter>헤더 파일\Include</Filter>
    </ClInclude>
    <ClInclude Include="Object.h">
      <Filter>소스 파일\02. Object</Filter>
    </ClInclude>
    <ClInclude Include="Player.h">
      <Filter>소스 파일\02. Object\Player</Filter>
    </ClInclude>
    <ClInclude Include="Struct.h">
      <Filter>헤더 파일\Include</Filter>
    </ClInclude>
    <ClInclude Include="Bullet.h">
      <Filter>소스 파일\02. Object\Bullet</Filter>
    </ClInclude>
    <ClInclude Include="ObjectManager.h">
      <Filter>소스 파일\99. Manager\ObjectManager</Filter>
    </ClInclude>
    <ClInclude Include="CursorManager.h">
      <Filter>소스 파일\99. Manager\CursorManager</Filter>
    </ClInclude>
    <ClInclude Include="Headers.h">
      <Filter>헤더 파일</Filter>
    </ClInclude>
    <ClInclude Include="CollisionManager.h">
      <Filter>소스 파일\99. Manager\CollisionManager</Filter>
    </ClInclude>
    <ClInclude Include="MathManager.h">
      <Filter>소스 파일\99. Manager\MathManager</Filter>
    </ClInclude>
    <ClInclude Include="UserInterface.h">
      <Filter>소스 파일\03. UserInterface</Filter>
    </ClInclude>
    <ClInclude Include="ScrollBox.h">
      <Filter>소스 파일\03. UserInterface\ScrollBox</Filter>
    </ClInclude>
    <ClInclude Include="ObjectPool.h">
      <Filter>소스 파일\98. Pattern\ObjectPool</Filter>
    </ClInclude>
    <ClInclude Include="Bridge.h">
      <Filter>소스 파일\98. Pattern\Bridge</Filter>
    </ClInclude>
    <ClInclude Include="Prototype.h">
      <Filter>소스 파일\98. Pattern\Prototype</Filter>
    </ClInclude>
    <ClInclude Include="ObjectFactory.h">
      <Filter>소스 파일\99. Manager\ObjectFactory</Filter>
    </ClInclude>
    <ClInclude Include="BulletBridge.h">
      <Filter>소스 파일\02. Object\Bullet\BulletBridge</Filter>
    </ClInclude>
    <ClInclude Include="PlayerBullet.h">
      <Filter>소스 파일\02. Object\Bullet\BulletBridge\PlayerBullet</Filter>
    </ClInclude>
    <ClInclude Include="EnemyBridge.h">
      <Filter>소스 파일\02. Object\Enemy\EnemyBridge</Filter>
    </ClInclude>
    <ClInclude Include="Enemy1.h">
      <Filter>소스 파일\02. Object\Enemy\EnemyBridge\Enemy1</Filter>
    </ClInclude>
    <ClInclude Include="PlayerInfo.h">
      <Filter>소스 파일\97. PlayerInfo</Filter>
    </ClInclude>
    <ClInclude Include="Bullet2.h">
      <Filter>소스 파일\02. Object\Bullet2</Filter>
    </ClInclude>
    <ClInclude Include="BulletBridge2.h">
      <Filter>소스 파일\02. Object\Bullet2\BulletBridge2</Filter>
    </ClInclude>
    <ClInclude Include="EnemyBullet.h">
      <Filter>소스 파일\02. Object\Bullet2\BulletBridge2\EnemyBullet</Filter>
    </ClInclude>
    <ClInclude Include="Menu1.h">
      <Filter>소스 파일\01. Scene\Menu\Menu1</Filter>
    </ClInclude>
    <ClInclude Include="Cloud.h">
      <Filter>소스 파일\02. Object\Cloud</Filter>
    </ClInclude>
    <ClInclude Include="Enemy.h">
      <Filter>소스 파일\02. Object\Enemy</Filter>
    </ClInclude>
    <ClInclude Include="Menu2.h">
      <Filter>소스 파일\01. Scene\Menu\Menu2</Filter>
    </ClInclude>
    <ClInclude Include="GameOver.h">
      <Filter>소스 파일\01. Scene\GameOver</Filter>
    </ClInclude>
  </ItemGroup>
</Project>